{
  "requires": true,
  "lockfileVersion": 1,
  "dependencies": {
    "three-full": {
      "version": "11.2.0",
      "resolved": "https://registry.npmjs.org/three-full/-/three-full-11.2.0.tgz",
      "integrity": "sha512-Jv9tqB85TKvD0d4+wA3UBxQW+dBSbC99yb7cF6CAqm16Lnf/9GRQrtiD1mjaXOqW/8WR+T0aXlnMuW2Dde5G/Q=="
    }
  }
}
